
Microsoft Visual Studio Solution File, Format Version 12.00
# Visual Studio Version 17
VisualStudioVersion = 17.5.002.0
MinimumVisualStudioVersion = 10.0.40219.1
Project("{9A19103F-16F7-4668-BE54-9A1E7A4F7556}") = "GestaoDePedidos_e_Cliente", "GestaoDePedidos_e_Cliente.csproj", "{A3420075-36EE-442E-816E-A3BD0EE7E215}"
EndProject
Global
	GlobalSection(SolutionConfigurationPlatforms) = preSolution
		Debug|Any CPU = Debug|Any CPU
		Release|Any CPU = Release|Any CPU
	EndGlobalSection
	GlobalSection(ProjectConfigurationPlatforms) = postSolution
		{A3420075-36EE-442E-816E-A3BD0EE7E215}.Debug|Any CPU.ActiveCfg = Debug|Any CPU
		{A3420075-36EE-442E-816E-A3BD0EE7E215}.Debug|Any CPU.Build.0 = Debug|Any CPU
		{A3420075-36EE-442E-816E-A3BD0EE7E215}.Release|Any CPU.ActiveCfg = Release|Any CPU
		{A3420075-36EE-442E-816E-A3BD0EE7E215}.Release|Any CPU.Build.0 = Release|Any CPU
	EndGlobalSection
	GlobalSection(SolutionProperties) = preSolution
		HideSolutionNode = FALSE
	EndGlobalSection
	GlobalSection(ExtensibilityGlobals) = postSolution
		SolutionGuid = {C227FBEA-3F2F-4B16-AD95-DCDB404A4AD3}
	EndGlobalSection
EndGlobal
