
Microsoft Visual Studio Solution File, Format Version 12.00
# Visual Studio Version 17
VisualStudioVersion = 17.0.32112.339
MinimumVisualStudioVersion = 10.0.40219.1
Project("{FAE04EC0-301F-11D3-BF4B-00C04F79EFBC}") = "Ex 01", "Ex 01\Ex 01.csproj", "{986C8F0B-6DEA-479F-9FF7-DF5C4A426312}"
EndProject
Global
	GlobalSection(SolutionConfigurationPlatforms) = preSolution
		Debug|Any CPU = Debug|Any CPU
		Release|Any CPU = Release|Any CPU
	EndGlobalSection
	GlobalSection(ProjectConfigurationPlatforms) = postSolution
		{986C8F0B-6DEA-479F-9FF7-DF5C4A426312}.Debug|Any CPU.ActiveCfg = Debug|Any CPU
		{986C8F0B-6DEA-479F-9FF7-DF5C4A426312}.Debug|Any CPU.Build.0 = Debug|Any CPU
		{986C8F0B-6DEA-479F-9FF7-DF5C4A426312}.Release|Any CPU.ActiveCfg = Release|Any CPU
		{986C8F0B-6DEA-479F-9FF7-DF5C4A426312}.Release|Any CPU.Build.0 = Release|Any CPU
	EndGlobalSection
	GlobalSection(SolutionProperties) = preSolution
		HideSolutionNode = FALSE
	EndGlobalSection
	GlobalSection(ExtensibilityGlobals) = postSolution
		SolutionGuid = {86C72F22-B1E2-4CD7-A07D-5A6C91F576E6}
	EndGlobalSection
EndGlobal
