
Microsoft Visual Studio Solution File, Format Version 12.00
# Visual Studio Version 17
VisualStudioVersion = 17.13.35913.81 d17.13
MinimumVisualStudioVersion = 10.0.40219.1
Project("{FAE04EC0-301F-11D3-BF4B-00C04F79EFBC}") = "Sistemas Distribuidos - T`P especial", "Sistemas Distribuidos - T`P especial\Sistemas Distribuidos - T`P especial.csproj", "{FDB2C88B-FFEB-4FCD-9BA1-8B807FF05034}"
EndProject
Global
	GlobalSection(SolutionConfigurationPlatforms) = preSolution
		Debug|Any CPU = Debug|Any CPU
		Release|Any CPU = Release|Any CPU
	EndGlobalSection
	GlobalSection(ProjectConfigurationPlatforms) = postSolution
		{FDB2C88B-FFEB-4FCD-9BA1-8B807FF05034}.Debug|Any CPU.ActiveCfg = Debug|Any CPU
		{FDB2C88B-FFEB-4FCD-9BA1-8B807FF05034}.Debug|Any CPU.Build.0 = Debug|Any CPU
		{FDB2C88B-FFEB-4FCD-9BA1-8B807FF05034}.Release|Any CPU.ActiveCfg = Release|Any CPU
		{FDB2C88B-FFEB-4FCD-9BA1-8B807FF05034}.Release|Any CPU.Build.0 = Release|Any CPU
	EndGlobalSection
	GlobalSection(SolutionProperties) = preSolution
		HideSolutionNode = FALSE
	EndGlobalSection
	GlobalSection(ExtensibilityGlobals) = postSolution
		SolutionGuid = {944D6E16-A736-44F4-B89F-F4321735EC9F}
	EndGlobalSection
EndGlobal
