
Microsoft Visual Studio Solution File, Format Version 12.00
# Visual Studio Version 17
VisualStudioVersion = 17.6.33712.159
MinimumVisualStudioVersion = 10.0.40219.1
Project("{FAE04EC0-301F-11D3-BF4B-00C04F79EFBC}") = "TP 01 programação orientada a objeto", "TP 01 programação orientada a objeto\TP 01 programação orientada a objeto.csproj", "{CDDFB3B1-52C9-40B7-A2FB-500199C3D092}"
EndProject
Global
	GlobalSection(SolutionConfigurationPlatforms) = preSolution
		Debug|Any CPU = Debug|Any CPU
		Release|Any CPU = Release|Any CPU
	EndGlobalSection
	GlobalSection(ProjectConfigurationPlatforms) = postSolution
		{CDDFB3B1-52C9-40B7-A2FB-500199C3D092}.Debug|Any CPU.ActiveCfg = Debug|Any CPU
		{CDDFB3B1-52C9-40B7-A2FB-500199C3D092}.Debug|Any CPU.Build.0 = Debug|Any CPU
		{CDDFB3B1-52C9-40B7-A2FB-500199C3D092}.Release|Any CPU.ActiveCfg = Release|Any CPU
		{CDDFB3B1-52C9-40B7-A2FB-500199C3D092}.Release|Any CPU.Build.0 = Release|Any CPU
	EndGlobalSection
	GlobalSection(SolutionProperties) = preSolution
		HideSolutionNode = FALSE
	EndGlobalSection
	GlobalSection(ExtensibilityGlobals) = postSolution
		SolutionGuid = {8384FBBE-36E0-402E-AE6B-CD84E35E1D8E}
	EndGlobalSection
EndGlobal
