
Microsoft Visual Studio Solution File, Format Version 12.00
# Visual Studio Version 17
VisualStudioVersion = 17.0.32112.339
MinimumVisualStudioVersion = 10.0.40219.1
Project("{FAE04EC0-301F-11D3-BF4B-00C04F79EFBC}") = "TP - gerar pdf e ler lista", "TP - gerar pdf e ler lista\TP - gerar pdf e ler lista.csproj", "{675B0CAC-4C7F-4ECF-97C8-C5DA54ABD3AB}"
EndProject
Global
	GlobalSection(SolutionConfigurationPlatforms) = preSolution
		Debug|Any CPU = Debug|Any CPU
		Release|Any CPU = Release|Any CPU
	EndGlobalSection
	GlobalSection(ProjectConfigurationPlatforms) = postSolution
		{675B0CAC-4C7F-4ECF-97C8-C5DA54ABD3AB}.Debug|Any CPU.ActiveCfg = Debug|Any CPU
		{675B0CAC-4C7F-4ECF-97C8-C5DA54ABD3AB}.Debug|Any CPU.Build.0 = Debug|Any CPU
		{675B0CAC-4C7F-4ECF-97C8-C5DA54ABD3AB}.Release|Any CPU.ActiveCfg = Release|Any CPU
		{675B0CAC-4C7F-4ECF-97C8-C5DA54ABD3AB}.Release|Any CPU.Build.0 = Release|Any CPU
	EndGlobalSection
	GlobalSection(SolutionProperties) = preSolution
		HideSolutionNode = FALSE
	EndGlobalSection
	GlobalSection(ExtensibilityGlobals) = postSolution
		SolutionGuid = {D9DF62EE-DBF1-4B23-B035-4C1335467925}
	EndGlobalSection
EndGlobal
